// !$*UTF8*$!
{
	archiveVersion = 1;
	classes = {
	};
	objectVersion = 56;
	objects = {

/* Begin PBXBuildFile section */
		11961AD22C69FB08002A4E55 /* AppDelegate.swift in Sources */ = {isa = PBXBuildFile; fileRef = 11961AD12C69FB08002A4E55 /* AppDelegate.swift */; };
		11961AD42C69FB08002A4E55 /* SceneDelegate.swift in Sources */ = {isa = PBXBuildFile; fileRef = 11961AD32C69FB08002A4E55 /* SceneDelegate.swift */; };
		11961AD62C69FB08002A4E55 /* PeopleViewController.swift in Sources */ = {isa = PBXBuildFile; fileRef = 11961AD52C69FB08002A4E55 /* PeopleViewController.swift */; };
		11961AD92C69FB08002A4E55 /* Base in Resources */ = {isa = PBXBuildFile; fileRef = 11961AD82C69FB08002A4E55 /* Base */; };
		11961ADB2C69FB09002A4E55 /* Assets.xcassets in Resources */ = {isa = PBXBuildFile; fileRef = 11961ADA2C69FB09002A4E55 /* Assets.xcassets */; };
		11961ADE2C69FB09002A4E55 /* Base in Resources */ = {isa = PBXBuildFile; fileRef = 11961ADD2C69FB09002A4E55 /* Base */; };
		11C6EBB92C6D18B400B1A25A /* PersonView.swift in Sources */ = {isa = PBXBuildFile; fileRef = 11C6EBB82C6D18B400B1A25A /* PersonView.swift */; };
		11C6EBBB2C6DEF3F00B1A25A /* Model.swift in Sources */ = {isa = PBXBuildFile; fileRef = 11C6EBBA2C6DEF3F00B1A25A /* Model.swift */; };
		11C6EBBD2C6DEFC800B1A25A /* PeopleViewModel.swift in Sources */ = {isa = PBXBuildFile; fileRef = 11C6EBBC2C6DEFC800B1A25A /* PeopleViewModel.swift */; };
		11C6EBC12C6DF8EF00B1A25A /* PersonCollectionViewCell.swift in Sources */ = {isa = PBXBuildFile; fileRef = 11C6EBC02C6DF8EF00B1A25A /* PersonCollectionViewCell.swift */; };
/* End PBXBuildFile section */

/* Begin PBXFileReference section */
		11961ACE2C69FB08002A4E55 /* CobaUIKit.app */ = {isa = PBXFileReference; explicitFileType = wrapper.application; includeInIndex = 0; path = CobaUIKit.app; sourceTree = BUILT_PRODUCTS_DIR; };
		11961AD12C69FB08002A4E55 /* AppDelegate.swift */ = {isa = PBXFileReference; lastKnownFileType = sourcecode.swift; path = AppDelegate.swift; sourceTree = "<group>"; };
		11961AD32C69FB08002A4E55 /* SceneDelegate.swift */ = {isa = PBXFileReference; lastKnownFileType = sourcecode.swift; path = SceneDelegate.swift; sourceTree = "<group>"; };
		11961AD52C69FB08002A4E55 /* PeopleViewController.swift */ = {isa = PBXFileReference; lastKnownFileType = sourcecode.swift; path = PeopleViewController.swift; sourceTree = "<group>"; };
		11961AD82C69FB08002A4E55 /* Base */ = {isa = PBXFileReference; lastKnownFileType = file.storyboard; name = Base; path = Base.lproj/Main.storyboard; sourceTree = "<group>"; };
		11961ADA2C69FB09002A4E55 /* Assets.xcassets */ = {isa = PBXFileReference; lastKnownFileType = folder.assetcatalog; path = Assets.xcassets; sourceTree = "<group>"; };
		11961ADD2C69FB09002A4E55 /* Base */ = {isa = PBXFileReference; lastKnownFileType = file.storyboard; name = Base; path = Base.lproj/LaunchScreen.storyboard; sourceTree = "<group>"; };
		11961ADF2C69FB09002A4E55 /* Info.plist */ = {isa = PBXFileReference; lastKnownFileType = text.plist.xml; path = Info.plist; sourceTree = "<group>"; };
		11C6EBB82C6D18B400B1A25A /* PersonView.swift */ = {isa = PBXFileReference; lastKnownFileType = sourcecode.swift; path = PersonView.swift; sourceTree = "<group>"; };
		11C6EBBA2C6DEF3F00B1A25A /* Model.swift */ = {isa = PBXFileReference; lastKnownFileType = sourcecode.swift; path = Model.swift; sourceTree = "<group>"; };
		11C6EBBC2C6DEFC800B1A25A /* PeopleViewModel.swift */ = {isa = PBXFileReference; lastKnownFileType = sourcecode.swift; path = PeopleViewModel.swift; sourceTree = "<group>"; };
		11C6EBC02C6DF8EF00B1A25A /* PersonCollectionViewCell.swift */ = {isa = PBXFileReference; lastKnownFileType = sourcecode.swift; path = PersonCollectionViewCell.swift; sourceTree = "<group>"; };
/* End PBXFileReference section */

/* Begin PBXFrameworksBuildPhase section */
		11961ACB2C69FB08002A4E55 /* Frameworks */ = {
			isa = PBXFrameworksBuildPhase;
			buildActionMask = 2147483647;
			files = (
			);
			runOnlyForDeploymentPostprocessing = 0;
		};
/* End PBXFrameworksBuildPhase section */

/* Begin PBXGroup section */
		11961AC52C69FB08002A4E55 = {
			isa = PBXGroup;
			children = (
				11961AD02C69FB08002A4E55 /* CobaUIKit */,
				11961ACF2C69FB08002A4E55 /* Products */,
			);
			sourceTree = "<group>";
		};
		11961ACF2C69FB08002A4E55 /* Products */ = {
			isa = PBXGroup;
			children = (
				11961ACE2C69FB08002A4E55 /* CobaUIKit.app */,
			);
			name = Products;
			sourceTree = "<group>";
		};
		11961AD02C69FB08002A4E55 /* CobaUIKit */ = {
			isa = PBXGroup;
			children = (
				11961AD12C69FB08002A4E55 /* AppDelegate.swift */,
				11961AD32C69FB08002A4E55 /* SceneDelegate.swift */,
				11961AD52C69FB08002A4E55 /* PeopleViewController.swift */,
				11C6EBC02C6DF8EF00B1A25A /* PersonCollectionViewCell.swift */,
				11C6EBB82C6D18B400B1A25A /* PersonView.swift */,
				11C6EBBA2C6DEF3F00B1A25A /* Model.swift */,
				11C6EBBC2C6DEFC800B1A25A /* PeopleViewModel.swift */,
				11961AD72C69FB08002A4E55 /* Main.storyboard */,
				11961ADA2C69FB09002A4E55 /* Assets.xcassets */,
				11961ADC2C69FB09002A4E55 /* LaunchScreen.storyboard */,
				11961ADF2C69FB09002A4E55 /* Info.plist */,
			);
			path = CobaUIKit;
			sourceTree = "<group>";
		};
/* End PBXGroup section */

/* Begin PBXNativeTarget section */
		11961ACD2C69FB08002A4E55 /* CobaUIKit */ = {
			isa = PBXNativeTarget;
			buildConfigurationList = 11961AE22C69FB09002A4E55 /* Build configuration list for PBXNativeTarget "CobaUIKit" */;
			buildPhases = (
				11961ACA2C69FB08002A4E55 /* Sources */,
				11961ACB2C69FB08002A4E55 /* Frameworks */,
				11961ACC2C69FB08002A4E55 /* Resources */,
			);
			buildRules = (
			);
			dependencies = (
			);
			name = CobaUIKit;
			productName = CobaUIKit;
			productReference = 11961ACE2C69FB08002A4E55 /* CobaUIKit.app */;
			productType = "com.apple.product-type.application";
		};
/* End PBXNativeTarget section */

/* Begin PBXProject section */
		11961AC62C69FB08002A4E55 /* Project object */ = {
			isa = PBXProject;
			attributes = {
				BuildIndependentTargetsInParallel = 1;
				LastSwiftUpdateCheck = 1540;
				LastUpgradeCheck = 1540;
				TargetAttributes = {
					11961ACD2C69FB08002A4E55 = {
						CreatedOnToolsVersion = 15.4;
					};
				};
			};
			buildConfigurationList = 11961AC92C69FB08002A4E55 /* Build configuration list for PBXProject "CobaUIKit" */;
			compatibilityVersion = "Xcode 14.0";
			developmentRegion = en;
			hasScannedForEncodings = 0;
			knownRegions = (
				en,
				Base,
			);
			mainGroup = 11961AC52C69FB08002A4E55;
			productRefGroup = 11961ACF2C69FB08002A4E55 /* Products */;
			projectDirPath = "";
			projectRoot = "";
			targets = (
				11961ACD2C69FB08002A4E55 /* CobaUIKit */,
			);
		};
/* End PBXProject section */

/* Begin PBXResourcesBuildPhase section */
		11961ACC2C69FB08002A4E55 /* Resources */ = {
			isa = PBXResourcesBuildPhase;
			buildActionMask = 2147483647;
			files = (
				11961ADB2C69FB09002A4E55 /* Assets.xcassets in Resources */,
				11961ADE2C69FB09002A4E55 /* Base in Resources */,
				11961AD92C69FB08002A4E55 /* Base in Resources */,
			);
			runOnlyForDeploymentPostprocessing = 0;
		};
/* End PBXResourcesBuildPhase section */

/* Begin PBXSourcesBuildPhase section */
		11961ACA2C69FB08002A4E55 /* Sources */ = {
			isa = PBXSourcesBuildPhase;
			buildActionMask = 2147483647;
			files = (
				11C6EBBB2C6DEF3F00B1A25A /* Model.swift in Sources */,
				11C6EBBD2C6DEFC800B1A25A /* PeopleViewModel.swift in Sources */,
				11961AD62C69FB08002A4E55 /* PeopleViewController.swift in Sources */,
				11C6EBB92C6D18B400B1A25A /* PersonView.swift in Sources */,
				11961AD22C69FB08002A4E55 /* AppDelegate.swift in Sources */,
				11C6EBC12C6DF8EF00B1A25A /* PersonCollectionViewCell.swift in Sources */,
				11961AD42C69FB08002A4E55 /* SceneDelegate.swift in Sources */,
			);
			runOnlyForDeploymentPostprocessing = 0;
		};
/* End PBXSourcesBuildPhase section */

/* Begin PBXVariantGroup section */
		11961AD72C69FB08002A4E55 /* Main.storyboard */ = {
			isa = PBXVariantGroup;
			children = (
				11961AD82C69FB08002A4E55 /* Base */,
			);
			name = Main.storyboard;
			sourceTree = "<group>";
		};
		11961ADC2C69FB09002A4E55 /* LaunchScreen.storyboard */ = {
			isa = PBXVariantGroup;
			children = (
				11961ADD2C69FB09002A4E55 /* Base */,
			);
			name = LaunchScreen.storyboard;
			sourceTree = "<group>";
		};
/* End PBXVariantGroup section */

/* Begin XCBuildConfiguration section */
		11961AE02C69FB09002A4E55 /* Debug */ = {
			isa = XCBuildConfiguration;
			buildSettings = {
				ALWAYS_SEARCH_USER_PATHS = NO;
				ASSETCATALOG_COMPILER_GENERATE_SWIFT_ASSET_SYMBOL_EXTENSIONS = YES;
				CLANG_ANALYZER_NONNULL = YES;
				CLANG_ANALYZER_NUMBER_OBJECT_CONVERSION = YES_AGGRESSIVE;
				CLANG_CXX_LANGUAGE_STANDARD = "gnu++20";
				CLANG_ENABLE_MODULES = YES;
				CLANG_ENABLE_OBJC_ARC = YES;
				CLANG_ENABLE_OBJC_WEAK = YES;
				CLANG_WARN_BLOCK_CAPTURE_AUTORELEASING = YES;
				CLANG_WARN_BOOL_CONVERSION = YES;
				CLANG_WARN_COMMA = YES;
				CLANG_WARN_CONSTANT_CONVERSION = YES;
				CLANG_WARN_DEPRECATED_OBJC_IMPLEMENTATIONS = YES;
				CLANG_WARN_DIRECT_OBJC_ISA_USAGE = YES_ERROR;
				CLANG_WARN_DOCUMENTATION_COMMENTS = YES;
				CLANG_WARN_EMPTY_BODY = YES;
				CLANG_WARN_ENUM_CONVERSION = YES;
				CLANG_WARN_INFINITE_RECURSION = YES;
				CLANG_WARN_INT_CONVERSION = YES;
				CLANG_WARN_NON_LITERAL_NULL_CONVERSION = YES;
				CLANG_WARN_OBJC_IMPLICIT_RETAIN_SELF = YES;
				CLANG_WARN_OBJC_LITERAL_CONVERSION = YES;
				CLANG_WARN_OBJC_ROOT_CLASS = YES_ERROR;
				CLANG_WARN_QUOTED_INCLUDE_IN_FRAMEWORK_HEADER = YES;
				CLANG_WARN_RANGE_LOOP_ANALYSIS = YES;
				CLANG_WARN_STRICT_PROTOTYPES = YES;
				CLANG_WARN_SUSPICIOUS_MOVE = YES;
				CLANG_WARN_UNGUARDED_AVAILABILITY = YES_AGGRESSIVE;
				CLANG_WARN_UNREACHABLE_CODE = YES;
				CLANG_WARN__DUPLICATE_METHOD_MATCH = YES;
				COPY_PHASE_STRIP = NO;
				DEBUG_INFORMATION_FORMAT = dwarf;
				ENABLE_STRICT_OBJC_MSGSEND = YES;
				ENABLE_TESTABILITY = YES;
				ENABLE_USER_SCRIPT_SANDBOXING = YES;
				GCC_C_LANGUAGE_STANDARD = gnu17;
				GCC_DYNAMIC_NO_PIC = NO;
				GCC_NO_COMMON_BLOCKS = YES;
				GCC_OPTIMIZATION_LEVEL = 0;
				GCC_PREPROCESSOR_DEFINITIONS = (
					"DEBUG=1",
					"$(inherited)",
				);
				GCC_WARN_64_TO_32_BIT_CONVERSION = YES;
				GCC_WARN_ABOUT_RETURN_TYPE = YES_ERROR;
				GCC_WARN_UNDECLARED_SELECTOR = YES;
				GCC_WARN_UNINITIALIZED_AUTOS = YES_AGGRESSIVE;
				GCC_WARN_UNUSED_FUNCTION = YES;
				GCC_WARN_UNUSED_VARIABLE = YES;
				IPHONEOS_DEPLOYMENT_TARGET = 17.5;
				LOCALIZATION_PREFERS_STRING_CATALOGS = YES;
				MTL_ENABLE_DEBUG_INFO = INCLUDE_SOURCE;
				MTL_FAST_MATH = YES;
				ONLY_ACTIVE_ARCH = YES;
				SDKROOT = iphoneos;
				SWIFT_ACTIVE_COMPILATION_CONDITIONS = "DEBUG $(inherited)";
				SWIFT_OPTIMIZATION_LEVEL = "-Onone";
			};
			name = Debug;
		};
		11961AE12C69FB09002A4E55 /* Release */ = {
			isa = XCBuildConfiguration;
			buildSettings = {
				ALWAYS_SEARCH_USER_PATHS = NO;
				ASSETCATALOG_COMPILER_GENERATE_SWIFT_ASSET_SYMBOL_EXTENSIONS = YES;
				CLANG_ANALYZER_NONNULL = YES;
				CLANG_ANALYZER_NUMBER_OBJECT_CONVERSION = YES_AGGRESSIVE;
				CLANG_CXX_LANGUAGE_STANDARD = "gnu++20";
				CLANG_ENABLE_MODULES = YES;
				CLANG_ENABLE_OBJC_ARC = YES;
				CLANG_ENABLE_OBJC_WEAK = YES;
				CLANG_WARN_BLOCK_CAPTURE_AUTORELEASING = YES;
				CLANG_WARN_BOOL_CONVERSION = YES;
				CLANG_WARN_COMMA = YES;
				CLANG_WARN_CONSTANT_CONVERSION = YES;
				CLANG_WARN_DEPRECATED_OBJC_IMPLEMENTATIONS = YES;
				CLANG_WARN_DIRECT_OBJC_ISA_USAGE = YES_ERROR;
				CLANG_WARN_DOCUMENTATION_COMMENTS = YES;
				CLANG_WARN_EMPTY_BODY = YES;
				CLANG_WARN_ENUM_CONVERSION = YES;
				CLANG_WARN_INFINITE_RECURSION = YES;
				CLANG_WARN_INT_CONVERSION = YES;
				CLANG_WARN_NON_LITERAL_NULL_CONVERSION = YES;
				CLANG_WARN_OBJC_IMPLICIT_RETAIN_SELF = YES;
				CLANG_WARN_OBJC_LITERAL_CONVERSION = YES;
				CLANG_WARN_OBJC_ROOT_CLASS = YES_ERROR;
				CLANG_WARN_QUOTED_INCLUDE_IN_FRAMEWORK_HEADER = YES;
				CLANG_WARN_RANGE_LOOP_ANALYSIS = YES;
				CLANG_WARN_STRICT_PROTOTYPES = YES;
				CLANG_WARN_SUSPICIOUS_MOVE = YES;
				CLANG_WARN_UNGUARDED_AVAILABILITY = YES_AGGRESSIVE;
				CLANG_WARN_UNREACHABLE_CODE = YES;
				CLANG_WARN__DUPLICATE_METHOD_MATCH = YES;
				COPY_PHASE_STRIP = NO;
				DEBUG_INFORMATION_FORMAT = "dwarf-with-dsym";
				ENABLE_NS_ASSERTIONS = NO;
				ENABLE_STRICT_OBJC_MSGSEND = YES;
				ENABLE_USER_SCRIPT_SANDBOXING = YES;
				GCC_C_LANGUAGE_STANDARD = gnu17;
				GCC_NO_COMMON_BLOCKS = YES;
				GCC_WARN_64_TO_32_BIT_CONVERSION = YES;
				GCC_WARN_ABOUT_RETURN_TYPE = YES_ERROR;
				GCC_WARN_UNDECLARED_SELECTOR = YES;
				GCC_WARN_UNINITIALIZED_AUTOS = YES_AGGRESSIVE;
				GCC_WARN_UNUSED_FUNCTION = YES;
				GCC_WARN_UNUSED_VARIABLE = YES;
				IPHONEOS_DEPLOYMENT_TARGET = 17.5;
				LOCALIZATION_PREFERS_STRING_CATALOGS = YES;
				MTL_ENABLE_DEBUG_INFO = NO;
				MTL_FAST_MATH = YES;
				SDKROOT = iphoneos;
				SWIFT_COMPILATION_MODE = wholemodule;
				VALIDATE_PRODUCT = YES;
			};
			name = Release;
		};
		11961AE32C69FB09002A4E55 /* Debug */ = {
			isa = XCBuildConfiguration;
			buildSettings = {
				ASSETCATALOG_COMPILER_APPICON_NAME = AppIcon;
				ASSETCATALOG_COMPILER_GLOBAL_ACCENT_COLOR_NAME = AccentColor;
				CODE_SIGN_STYLE = Automatic;
				CURRENT_PROJECT_VERSION = 1;
				DEVELOPMENT_TEAM = 53V73K3799;
				GENERATE_INFOPLIST_FILE = YES;
				INFOPLIST_FILE = CobaUIKit/Info.plist;
				INFOPLIST_KEY_UIApplicationSupportsIndirectInputEvents = YES;
				INFOPLIST_KEY_UILaunchStoryboardName = LaunchScreen;
				INFOPLIST_KEY_UISupportedInterfaceOrientations_iPad = "UIInterfaceOrientationPortrait UIInterfaceOrientationPortraitUpsideDown UIInterfaceOrientationLandscapeLeft UIInterfaceOrientationLandscapeRight";
				INFOPLIST_KEY_UISupportedInterfaceOrientations_iPhone = "UIInterfaceOrientationPortrait UIInterfaceOrientationLandscapeLeft UIInterfaceOrientationLandscapeRight";
				LD_RUNPATH_SEARCH_PATHS = (
					"$(inherited)",
					"@executable_path/Frameworks",
				);
				MARKETING_VERSION = 1.0;
				PRODUCT_BUNDLE_IDENTIFIER = "com.renaldi-solo.CobaUIKit";
				PRODUCT_NAME = "$(TARGET_NAME)";
				SWIFT_EMIT_LOC_STRINGS = YES;
				SWIFT_VERSION = 5.0;
				TARGETED_DEVICE_FAMILY = "1,2";
			};
			name = Debug;
		};
		11961AE42C69FB09002A4E55 /* Release */ = {
			isa = XCBuildConfiguration;
			buildSettings = {
				ASSETCATALOG_COMPILER_APPICON_NAME = AppIcon;
				ASSETCATALOG_COMPILER_GLOBAL_ACCENT_COLOR_NAME = AccentColor;
				CODE_SIGN_STYLE = Automatic;
				CURRENT_PROJECT_VERSION = 1;
				DEVELOPMENT_TEAM = 53V73K3799;
				GENERATE_INFOPLIST_FILE = YES;
				INFOPLIST_FILE = CobaUIKit/Info.plist;
				INFOPLIST_KEY_UIApplicationSupportsIndirectInputEvents = YES;
				INFOPLIST_KEY_UILaunchStoryboardName = LaunchScreen;
				INFOPLIST_KEY_UISupportedInterfaceOrientations_iPad = "UIInterfaceOrientationPortrait UIInterfaceOrientationPortraitUpsideDown UIInterfaceOrientationLandscapeLeft UIInterfaceOrientationLandscapeRight";
				INFOPLIST_KEY_UISupportedInterfaceOrientations_iPhone = "UIInterfaceOrientationPortrait UIInterfaceOrientationLandscapeLeft UIInterfaceOrientationLandscapeRight";
				LD_RUNPATH_SEARCH_PATHS = (
					"$(inherited)",
					"@executable_path/Frameworks",
				);
				MARKETING_VERSION = 1.0;
				PRODUCT_BUNDLE_IDENTIFIER = "com.renaldi-solo.CobaUIKit";
				PRODUCT_NAME = "$(TARGET_NAME)";
				SWIFT_EMIT_LOC_STRINGS = YES;
				SWIFT_VERSION = 5.0;
				TARGETED_DEVICE_FAMILY = "1,2";
			};
			name = Release;
		};
/* End XCBuildConfiguration section */

/* Begin XCConfigurationList section */
		11961AC92C69FB08002A4E55 /* Build configuration list for PBXProject "CobaUIKit" */ = {
			isa = XCConfigurationList;
			buildConfigurations = (
				11961AE02C69FB09002A4E55 /* Debug */,
				11961AE12C69FB09002A4E55 /* Release */,
			);
			defaultConfigurationIsVisible = 0;
			defaultConfigurationName = Release;
		};
		11961AE22C69FB09002A4E55 /* Build configuration list for PBXNativeTarget "CobaUIKit" */ = {
			isa = XCConfigurationList;
			buildConfigurations = (
				11961AE32C69FB09002A4E55 /* Debug */,
				11961AE42C69FB09002A4E55 /* Release */,
			);
			defaultConfigurationIsVisible = 0;
			defaultConfigurationName = Release;
		};
/* End XCConfigurationList section */
	};
	rootObject = 11961AC62C69FB08002A4E55 /* Project object */;
}
